
Microsoft Visual Studio Solution File, Format Version 12.00
# Visual Studio Version 16
VisualStudioVersion = 16.0.29519.87
MinimumVisualStudioVersion = 10.0.40219.1
Project("{FAE04EC0-301F-11D3-BF4B-00C04F79EFBC}") = "Web.App", "Web.App\Web.App.csproj", "{559AE1CA-264A-4E43-AE85-C9CC7D32A288}"
EndProject
Global
	GlobalSection(SolutionConfigurationPlatforms) = preSolution
		Debug|Any CPU = Debug|Any CPU
		Release|Any CPU = Release|Any CPU
	EndGlobalSection
	GlobalSection(ProjectConfigurationPlatforms) = postSolution
		{559AE1CA-264A-4E43-AE85-C9CC7D32A288}.Debug|Any CPU.ActiveCfg = Debug|Any CPU
		{559AE1CA-264A-4E43-AE85-C9CC7D32A288}.Debug|Any CPU.Build.0 = Debug|Any CPU
		{559AE1CA-264A-4E43-AE85-C9CC7D32A288}.Release|Any CPU.ActiveCfg = Release|Any CPU
		{559AE1CA-264A-4E43-AE85-C9CC7D32A288}.Release|Any CPU.Build.0 = Release|Any CPU
	EndGlobalSection
	GlobalSection(SolutionProperties) = preSolution
		HideSolutionNode = FALSE
	EndGlobalSection
	GlobalSection(ExtensibilityGlobals) = postSolution
		SolutionGuid = {DF8D7245-421B-46E6-9BD2-C65F7C5139BF}
	EndGlobalSection
EndGlobal
